# This file was automatically generated by the Dataland CLI via `dataland spec build`.
# It is not intended for manual editing.
moduleId: defining-tables-guide
resources:
  - apiVersion: dataland.io/v1alpha1
    kind: Table
    metadata:
      name: mirror-table
    spec:
      tableName: mirror
      columnDescriptors:
        - columnId: original-column
          columnName: original
          dataType: string
          nullable: true
        - columnId: duplicate-column
          columnName: duplicate
          dataType: string
          nullable: true
      tableAnnotations: {}
      autoMigrate: true
  - apiVersion: dataland.io/v1alpha1
    kind: Table
    metadata:
      name: users-table
    spec:
      tableName: users
      columnDescriptors:
        - columnId: name-column
          columnName: name
          dataType: string
          nullable: true
        - columnId: age-column
          columnName: age
          dataType: int32
          nullable: true
        - columnId: billing-address-column
          columnName: billing-address
          dataType: string
          nullable: true
        - columnId: personal-website-column
          columnName: personal-website
          dataType: string
          nullable: true
          columnAnnotations:
            dataland.io/column-display-config: "{\n  \"type\": \"url\"\n}\n"
        - columnId: plan-tier-column
          columnName: plan-tier
          dataType: string
          nullable: true
          columnAnnotations:
            dataland.io/column-display-config: "{\n  \"type\": \"select\",\n  \"options\": [\n    {\n      \"value\": \"free\",\n      \"theme\": \"silver\"\n    },\n    {\n      \"value\": \"pro\",\n      \"theme\": \"pink\"\n    },\n    {\n      \"value\": \"enterprise\",\n      \"theme\": \"ruby\"\n    }\n  ]\n}\n"
      tableAnnotations: {}
      autoMigrate: false
