# This file was automatically generated by the Dataland CLI via `dataland spec build`.
# It is not intended for manual editing.
moduleId: postgres-replicator-example
resources:
  - apiVersion: dataland.io/v1alpha1
    kind: Worker
    metadata:
      name: postgres-replicator
    spec:
      scriptSha256Hex: a88beb61ce52605bc29c92f5760b5489f1b3c33001d181703c4920b5e3b0a51b
      env:
        - name: PGDATABASE
          value:
            secretKeyRef:
              name: pgdatabase
              key: parameterValue
        - name: PGHOST
          value:
            secretKeyRef:
              name: pghost
              key: parameterValue
        - name: PGPASSWORD
          value:
            secretKeyRef:
              name: pgpassword
              key: parameterValue
        - name: PGPORT
          value:
            secretKeyRef:
              name: pgport
              key: parameterValue
        - name: PGSCHEMA
          value:
            secretKeyRef:
              name: pgschema
              key: parameterValue
        - name: PGUSER
          value:
            secretKeyRef:
              name: pguser
              key: parameterValue
parameterizedResources:
  - resource:
      apiVersion: v1
      kind: Secret
      metadata:
        name: pghost
      type: Opaque
      immutable: false
      stringData:
        parameterValue: ""
    parameters:
      - parameterId: pghost
        replacePath: /stringData/parameterValue
  - resource:
      apiVersion: v1
      kind: Secret
      metadata:
        name: pgport
      type: Opaque
      immutable: false
      stringData:
        parameterValue: ""
    parameters:
      - parameterId: pgport
        replacePath: /stringData/parameterValue
  - resource:
      apiVersion: v1
      kind: Secret
      metadata:
        name: pgdatabase
      type: Opaque
      immutable: false
      stringData:
        parameterValue: ""
    parameters:
      - parameterId: pgdatabase
        replacePath: /stringData/parameterValue
  - resource:
      apiVersion: v1
      kind: Secret
      metadata:
        name: pguser
      type: Opaque
      immutable: false
      stringData:
        parameterValue: ""
    parameters:
      - parameterId: pguser
        replacePath: /stringData/parameterValue
  - resource:
      apiVersion: v1
      kind: Secret
      metadata:
        name: pgpassword
      type: Opaque
      immutable: false
      stringData:
        parameterValue: ""
    parameters:
      - parameterId: pgpassword
        replacePath: /stringData/parameterValue
  - resource:
      apiVersion: v1
      kind: Secret
      metadata:
        name: pgschema
      type: Opaque
      immutable: false
      stringData:
        parameterValue: ""
    parameters:
      - parameterId: pgschema
        replacePath: /stringData/parameterValue
