# This file was automatically generated by the Dataland CLI via `dataland spec build`.
# It is not intended for manual editing.
moduleId: strapi-push-example
resources:
  - apiVersion: dataland.io/v1alpha1
    kind: Worker
    metadata:
      name: strapi-push
    spec:
      scriptSha256Hex: 68679b039ecd25dd51512b01d973a6f48a2415f80d7481e95d14ba03459119d5
  - apiVersion: dataland.io/v1alpha1
    kind: Table
    metadata:
      name: strapi-items
    spec:
      tableName: Strapi Items
      columnDescriptors:
        - columnId: product-name
          columnName: Product Name
          dataType: string
          nullable: true
        - columnId: price
          columnName: Price
          dataType: float64
          nullable: true
        - columnId: category
          columnName: Category
          dataType: string
          nullable: true
        - columnId: product-image-url
          columnName: Product Image URL
          dataType: string
          nullable: true
        - columnId: push-to-cms
          columnName: Push to CMS
          dataType: int32
          nullable: true
          columnAnnotations:
            dataland.io/column-display-config: "{\n  \"type\": \"button\",\n  \"label\": \"Push to CMS\",\n  \"theme\": \"blue\"\n}\n"
        - columnId: sent-timestamp
          columnName: Sent Timestamp
          dataType: string
          nullable: true
        - columnId: strapi-cms-id
          columnName: Strapi CMS ID
          dataType: int32
          nullable: true
      tableAnnotations: {}
      autoMigrate: true
