# This file was automatically generated by the Dataland CLI via `dataland spec build`.
# It is not intended for manual editing.
moduleId: quickstart
resources:
  - apiVersion: dataland.io/v1alpha1
    kind: Worker
    metadata:
      name: hello
    spec:
      scriptSha256Hex: 5d064b96c346838db0c2231ccf8153093fe15e64dedf1761470caab4c46b3255
  - apiVersion: dataland.io/v1alpha1
    kind: Table
    metadata:
      name: greetings-table
    spec:
      tableName: greetings
      columnDescriptors:
        - columnId: name-column
          columnName: name
          dataType: string
          nullable: true
        - columnId: location-column
          columnName: location
          dataType: string
          nullable: true
        - columnId: greeting-column
          columnName: greeting
          dataType: string
          nullable: true
      tableAnnotations: {}
      autoMigrate: true
