# This file was automatically generated by the Dataland CLI via `dataland spec build`.
# It is not intended for manual editing.
moduleId: quickstart
resources:
  - apiVersion: dataland.io/v1alpha1
    kind: Worker
    metadata:
      name: hello
    spec:
      scriptSha256Hex: 5bb84cc9b3d21ce73ddb447c85c199ff82e4e4ba9cfb7c5f770cbf5e2f6fd838
  - apiVersion: dataland.io/v1alpha1
    kind: Table
    metadata:
      name: greetings-table
    spec:
      tableName: greetings
      columnDescriptors:
        - columnId: name-column
          columnName: name
          dataType: string
          nullable: true
        - columnId: location-column
          columnName: location
          dataType: string
          nullable: true
        - columnId: greeting-column
          columnName: greeting
          dataType: string
          nullable: true
      tableAnnotations: {}
      autoMigrate: true
