# This file was automatically generated by the Dataland CLI via `dataland spec build`.
# It is not intended for manual editing.
moduleId: quickstart
resources:
  - apiVersion: dataland.io/v1alpha1
    kind: Worker
    metadata:
      name: hello
    spec:
      scriptSha256Hex: 651499b674a27cf068166ca0b741a0264f7731a0dec939e76801f6bac20d9880
  - apiVersion: dataland.io/v1alpha1
    kind: Table
    metadata:
      name: greetings-table
    spec:
      tableName: greetings
      columnDescriptors:
        - columnId: name-column
          columnName: name
          dataType: string
          nullable: true
        - columnId: location-column
          columnName: location
          dataType: string
          nullable: true
        - columnId: greeting-column
          columnName: greeting
          dataType: string
          nullable: true
      tableAnnotations: {}
      autoMigrate: true
