# This file was automatically generated by the Dataland CLI via `dataland spec build`.
# It is not intended for manual editing.
moduleId: print-transactions-example
resources:
  - apiVersion: dataland.io/v1alpha1
    kind: Worker
    metadata:
      name: print-transactions
    spec:
      scriptSha256Hex: 2579b7eb20ad2809c432f9ed4e1bff3e171acc5a11ec15d3d517e7f3f5895270
