# This file was automatically generated by the Dataland CLI via `dataland spec build`.
# It is not intended for manual editing.
moduleId: print-db-example
resources:
  - apiVersion: dataland.io/v1alpha1
    kind: Worker
    metadata:
      name: print-db
    spec:
      scriptSha256Hex: a7afba4749c42bf473247d021250a6f3e3878da2cc0c5b22e761c37df3e8fb5f
