# This file was automatically generated by the Dataland CLI via `dataland spec build`.
# It is not intended for manual editing.
moduleId: sendgrid-send-email-example
resources:
  - apiVersion: dataland.io/v1alpha1
    kind: Worker
    metadata:
      name: send-email
    spec:
      scriptSha256Hex: 3fe7a162e0152b69456333ae0a12627a9a66c05d965eb08203858705b85a5459
