# This file was automatically generated by the Dataland CLI via `dataland spec build`.
# It is not intended for manual editing.
moduleId: airtable-sync-example
resources:
  - apiVersion: dataland.io/v1alpha1
    kind: Worker
    metadata:
      name: airtable-sync
    spec:
      scriptSha256Hex: c84619495eba692a0009bfe60fd3279aaad47f4e14f6d04d354c961c77dddb20
      env:
        - name: AIRTABLE_API_KEY
          value:
            secretKeyRef:
              name: airtable-api-key
              key: parameterValue
  - apiVersion: dataland.io/v1alpha1
    kind: Table
    metadata:
      name: airtable
    spec:
      tableName: Records from Airtable
      columnDescriptors:
        - columnId: record-id
          columnName: Record ID
          dataType: string
          nullable: true
        - columnId: customer-id
          columnName: Customer ID
          dataType: string
          nullable: true
        - columnId: email
          columnName: Email
          dataType: string
          nullable: true
        - columnId: phone
          columnName: Phone
          dataType: string
          nullable: true
      tableAnnotations: {}
      autoMigrate: true
  - apiVersion: dataland.io/v1alpha1
    kind: Table
    metadata:
      name: trigger-airtable
    spec:
      tableName: Airtable Sync Trigger
      columnDescriptors:
        - columnId: trigger
          columnName: Trigger sync
          dataType: int32
          nullable: true
          columnAnnotations:
            dataland.io/column-display-config: "{\n  \"type\": \"button\",\n  \"label\": \"Trigger\",\n  \"theme\": \"blue\"\n}\n"
        - columnId: last-pressed
          columnName: Last pressed
          dataType: string
          nullable: true
      tableAnnotations: {}
      autoMigrate: true
parameterizedResources:
  - resource:
      apiVersion: v1
      kind: Secret
      metadata:
        name: airtable-api-key
      type: Opaque
      immutable: false
      stringData:
        parameterValue: ""
    parameters:
      - parameterId: airtable-api-key
        replacePath: /stringData/parameterValue
