# This file was automatically generated by the Dataland CLI via `dataland spec build`.
# It is not intended for manual editing.
moduleId: import-csv-example
resources:
  - apiVersion: dataland.io/v1alpha1
    kind: Worker
    metadata:
      name: csv-import
    spec:
      scriptSha256Hex: 3147d04bc7b6552b6e01ab8d1b90756f84f1832365a231e1b5445325720aca32
  - apiVersion: dataland.io/v1alpha1
    kind: Worker
    metadata:
      name: repro-function
    spec:
      scriptSha256Hex: a6c499a9e13648cd1552878e280056ee1545d76e007f3c37330be9a253cd1a51
  - apiVersion: dataland.io/v1alpha1
    kind: Table
    metadata:
      name: records-trigger-table
    spec:
      tableName: Import Trigger
      columnDescriptors:
        - columnId: trigger
          columnName: Trigger
          dataType: int32
          nullable: true
          columnAnnotations:
            dataland.io/column-display-config: "{\n  \"type\": \"button\",\n  \"label\": \"Sync from CSV\",\n  \"theme\": \"blue\"\n}\n"
        - columnId: last-pressed
          columnName: Last pressed
          dataType: string
          nullable: true
      tableAnnotations: {}
      autoMigrate: true
  - apiVersion: dataland.io/v1alpha1
    kind: Table
    metadata:
      name: trigger
    spec:
      tableName: Repro Trigger
      columnDescriptors:
        - columnId: trigger
          columnName: Trigger
          dataType: int32
          nullable: true
          columnAnnotations:
            dataland.io/column-display-config: "{\n  \"type\": \"button\",\n  \"label\": \"Trigger\",\n  \"theme\": \"blue\"\n}\n"
        - columnId: last-pressed
          columnName: Last pressed
          dataType: string
          nullable: true
      tableAnnotations: {}
      autoMigrate: true
  - apiVersion: dataland.io/v1alpha1
    kind: Table
    metadata:
      name: imported-records-from-csv-table
    spec:
      tableName: Records from CSV
      columnDescriptors:
        - columnId: region
          columnName: Region
          dataType: string
          nullable: true
        - columnId: country
          columnName: Country
          dataType: string
          nullable: true
        - columnId: item-type
          columnName: Item Type
          dataType: string
          nullable: true
        - columnId: sales-channel
          columnName: Sales Channel
          dataType: string
          nullable: true
        - columnId: order-priority
          columnName: Order Priority
          dataType: string
          nullable: true
        - columnId: order-date
          columnName: Order Date
          dataType: string
          nullable: true
        - columnId: order-id
          columnName: Order ID
          dataType: string
          nullable: true
        - columnId: ship-date
          columnName: Ship Date
          dataType: string
          nullable: true
        - columnId: units-sold
          columnName: Units Sold
          dataType: string
          nullable: true
        - columnId: unit-price
          columnName: Unit Price
          dataType: string
          nullable: true
        - columnId: unit-cost
          columnName: Unit Cost
          dataType: string
          nullable: true
        - columnId: total-revenue
          columnName: Total Revenue
          dataType: string
          nullable: true
        - columnId: total-cost
          columnName: Total Cost
          dataType: string
          nullable: true
        - columnId: total-profit
          columnName: Total Profit
          dataType: string
          nullable: true
      tableAnnotations: {}
      autoMigrate: true
