# This file was automatically generated by the Dataland CLI via `dataland spec build`.
# It is not intended for manual editing.
moduleId: insert-rows-from-api
resources:
  - apiVersion: dataland.io/v1alpha1
    kind: Worker
    metadata:
      name: insert-rows-from-api-worker
    spec:
      scriptSha256Hex: b1d79d65e844bcbbfd1a2883ea91a9c3ba61e8dcd76bc29608a93f20e6cd2f2e
  - apiVersion: dataland.io/v1alpha1
    kind: Table
    metadata:
      name: trigger
    spec:
      tableName: Insert Trigger
      columnDescriptors:
        - columnId: trigger
          columnName: Trigger
          dataType: int32
          nullable: true
          columnAnnotations:
            dataland.io/column-display-config: "{\n  \"type\": \"button\",\n  \"label\": \"Trigger\",\n  \"theme\": \"blue\"\n}\n"
        - columnId: last-pressed
          columnName: Last pressed
          dataType: string
          nullable: true
      tableAnnotations: {}
      autoMigrate: true
  - apiVersion: dataland.io/v1alpha1
    kind: Table
    metadata:
      name: rows-from-json-placeholder
    spec:
      tableName: Rows from JSON Placeholder
      columnDescriptors:
        - columnId: user-id
          columnName: User ID
          dataType: int32
          nullable: true
        - columnId: post-id
          columnName: Post ID
          dataType: int32
          nullable: true
        - columnId: title
          columnName: Title
          dataType: string
          nullable: true
        - columnId: body
          columnName: Body
          dataType: string
          nullable: true
      tableAnnotations: {}
      autoMigrate: true
