# This file was automatically generated by the Dataland CLI via `dataland spec build`.
# It is not intended for manual editing.
moduleId: quickstart
resources:
  - apiVersion: dataland.io/v1alpha1
    kind: Worker
    metadata:
      name: insert-example-worker
    spec:
      scriptSha256Hex: b7c0f821328582d574af6838d228883860b206485667f4f591d3347721ab274d
  - apiVersion: dataland.io/v1alpha1
    kind: Table
    metadata:
      name: practice
    spec:
      tableName: practice
      columnDescriptors:
        - columnId: name
          columnName: name
          dataType: string
          nullable: true
        - columnId: email
          columnName: email
          dataType: string
          nullable: true
        - columnId: phone
          columnName: phone
          dataType: string
          nullable: true
      tableAnnotations: {}
      autoMigrate: true
