# This file was automatically generated by the Dataland CLI via `dataland spec build`.
# It is not intended for manual editing.
moduleId: quickstart
resources:
  - apiVersion: dataland.io/v1alpha1
    kind: Worker
    metadata:
      name: hello
    spec:
      scriptSha256Hex: 8ad86e45feea854e3268712242bed786524a2ae7a245dbb8e87104acb0429ceb
  - apiVersion: dataland.io/v1alpha1
    kind: Table
    metadata:
      name: greetings-table
    spec:
      tableName: greetings
      columnDescriptors:
        - columnId: name-column
          columnName: name
          dataType: string
          nullable: true
        - columnId: greeting-column
          columnName: greeting
          dataType: string
          nullable: true
      tableAnnotations: {}
      autoMigrate: true
